// !$*UTF8*$!
{
	archiveVersion = 1;
	classes = {
	};
	objectVersion = 56;
	objects = {

/* Begin PBXBuildFile section */
		222621F32A87BA68002DDB77 /* TimerRowView.swift in Sources */ = {isa = PBXBuildFile; fileRef = 222621F22A87BA68002DDB77 /* TimerRowView.swift */; };
		222621F62A87BD58002DDB77 /* StartStopTimerRowButtonView.swift in Sources */ = {isa = PBXBuildFile; fileRef = 222621F52A87BD58002DDB77 /* StartStopTimerRowButtonView.swift */; };
		222621F92A87C087002DDB77 /* TimerModel.swift in Sources */ = {isa = PBXBuildFile; fileRef = 222621F82A87C087002DDB77 /* TimerModel.swift */; };
		222621FB2A87C119002DDB77 /* CreateTimerView.swift in Sources */ = {isa = PBXBuildFile; fileRef = 222621FA2A87C119002DDB77 /* CreateTimerView.swift */; };
		222621FE2A87C273002DDB77 /* CustomTextFieldView.swift in Sources */ = {isa = PBXBuildFile; fileRef = 222621FD2A87C273002DDB77 /* CustomTextFieldView.swift */; };
		222622002A87C504002DDB77 /* CustomDatePicker.swift in Sources */ = {isa = PBXBuildFile; fileRef = 222621FF2A87C504002DDB77 /* CustomDatePicker.swift */; };
		22C2F2922A88D7E400FF6645 /* TimerController.swift in Sources */ = {isa = PBXBuildFile; fileRef = 22C2F2912A88D7E400FF6645 /* TimerController.swift */; };
		22C637DA2A86B5F300923C50 /* HourlyApp.swift in Sources */ = {isa = PBXBuildFile; fileRef = 22C637D92A86B5F300923C50 /* HourlyApp.swift */; };
		22C637DC2A86B5F300923C50 /* ContentView.swift in Sources */ = {isa = PBXBuildFile; fileRef = 22C637DB2A86B5F300923C50 /* ContentView.swift */; };
		22C637DE2A86B5F700923C50 /* Assets.xcassets in Resources */ = {isa = PBXBuildFile; fileRef = 22C637DD2A86B5F700923C50 /* Assets.xcassets */; };
		22C637E12A86B5F700923C50 /* Preview Assets.xcassets in Resources */ = {isa = PBXBuildFile; fileRef = 22C637E02A86B5F700923C50 /* Preview Assets.xcassets */; };
		22C637EA2A86B74E00923C50 /* Constants.swift in Sources */ = {isa = PBXBuildFile; fileRef = 22C637E92A86B74E00923C50 /* Constants.swift */; };
		22C637EC2A86BA8200923C50 /* test.swift in Sources */ = {isa = PBXBuildFile; fileRef = 22C637EB2A86BA8200923C50 /* test.swift */; };
/* End PBXBuildFile section */

/* Begin PBXFileReference section */
		222621F22A87BA68002DDB77 /* TimerRowView.swift */ = {isa = PBXFileReference; lastKnownFileType = sourcecode.swift; path = TimerRowView.swift; sourceTree = "<group>"; };
		222621F52A87BD58002DDB77 /* StartStopTimerRowButtonView.swift */ = {isa = PBXFileReference; lastKnownFileType = sourcecode.swift; path = StartStopTimerRowButtonView.swift; sourceTree = "<group>"; };
		222621F82A87C087002DDB77 /* TimerModel.swift */ = {isa = PBXFileReference; lastKnownFileType = sourcecode.swift; path = TimerModel.swift; sourceTree = "<group>"; };
		222621FA2A87C119002DDB77 /* CreateTimerView.swift */ = {isa = PBXFileReference; lastKnownFileType = sourcecode.swift; path = CreateTimerView.swift; sourceTree = "<group>"; };
		222621FD2A87C273002DDB77 /* CustomTextFieldView.swift */ = {isa = PBXFileReference; lastKnownFileType = sourcecode.swift; path = CustomTextFieldView.swift; sourceTree = "<group>"; };
		222621FF2A87C504002DDB77 /* CustomDatePicker.swift */ = {isa = PBXFileReference; lastKnownFileType = sourcecode.swift; path = CustomDatePicker.swift; sourceTree = "<group>"; };
		22C2F2912A88D7E400FF6645 /* TimerController.swift */ = {isa = PBXFileReference; lastKnownFileType = sourcecode.swift; path = TimerController.swift; sourceTree = "<group>"; };
		22C637D62A86B5F300923C50 /* Hourly.app */ = {isa = PBXFileReference; explicitFileType = wrapper.application; includeInIndex = 0; path = Hourly.app; sourceTree = BUILT_PRODUCTS_DIR; };
		22C637D92A86B5F300923C50 /* HourlyApp.swift */ = {isa = PBXFileReference; lastKnownFileType = sourcecode.swift; path = HourlyApp.swift; sourceTree = "<group>"; };
		22C637DB2A86B5F300923C50 /* ContentView.swift */ = {isa = PBXFileReference; lastKnownFileType = sourcecode.swift; path = ContentView.swift; sourceTree = "<group>"; };
		22C637DD2A86B5F700923C50 /* Assets.xcassets */ = {isa = PBXFileReference; lastKnownFileType = folder.assetcatalog; path = Assets.xcassets; sourceTree = "<group>"; };
		22C637E02A86B5F700923C50 /* Preview Assets.xcassets */ = {isa = PBXFileReference; lastKnownFileType = folder.assetcatalog; path = "Preview Assets.xcassets"; sourceTree = "<group>"; };
		22C637E92A86B74E00923C50 /* Constants.swift */ = {isa = PBXFileReference; lastKnownFileType = sourcecode.swift; path = Constants.swift; sourceTree = "<group>"; };
		22C637EB2A86BA8200923C50 /* test.swift */ = {isa = PBXFileReference; lastKnownFileType = sourcecode.swift; path = test.swift; sourceTree = "<group>"; };
/* End PBXFileReference section */

/* Begin PBXFrameworksBuildPhase section */
		22C637D32A86B5F300923C50 /* Frameworks */ = {
			isa = PBXFrameworksBuildPhase;
			buildActionMask = 2147483647;
			files = (
			);
			runOnlyForDeploymentPostprocessing = 0;
		};
/* End PBXFrameworksBuildPhase section */

/* Begin PBXGroup section */
		222621F12A87BA51002DDB77 /* View */ = {
			isa = PBXGroup;
			children = (
				222621FC2A87C262002DDB77 /* Create Timer */,
				222621F42A87BA6F002DDB77 /* Home */,
			);
			path = View;
			sourceTree = "<group>";
		};
		222621F42A87BA6F002DDB77 /* Home */ = {
			isa = PBXGroup;
			children = (
				222621F22A87BA68002DDB77 /* TimerRowView.swift */,
				222621F52A87BD58002DDB77 /* StartStopTimerRowButtonView.swift */,
			);
			path = Home;
			sourceTree = "<group>";
		};
		222621F72A87C079002DDB77 /* Model */ = {
			isa = PBXGroup;
			children = (
				222621F82A87C087002DDB77 /* TimerModel.swift */,
			);
			path = Model;
			sourceTree = "<group>";
		};
		222621FC2A87C262002DDB77 /* Create Timer */ = {
			isa = PBXGroup;
			children = (
				222621FD2A87C273002DDB77 /* CustomTextFieldView.swift */,
				222621FF2A87C504002DDB77 /* CustomDatePicker.swift */,
			);
			path = "Create Timer";
			sourceTree = "<group>";
		};
		222622012A87DFCD002DDB77 /* Controller */ = {
			isa = PBXGroup;
			children = (
				22C2F2912A88D7E400FF6645 /* TimerController.swift */,
			);
			path = Controller;
			sourceTree = "<group>";
		};
		22C637CD2A86B5F300923C50 = {
			isa = PBXGroup;
			children = (
				22C637D82A86B5F300923C50 /* Hourly */,
				22C637D72A86B5F300923C50 /* Products */,
			);
			sourceTree = "<group>";
		};
		22C637D72A86B5F300923C50 /* Products */ = {
			isa = PBXGroup;
			children = (
				22C637D62A86B5F300923C50 /* Hourly.app */,
			);
			name = Products;
			sourceTree = "<group>";
		};
		22C637D82A86B5F300923C50 /* Hourly */ = {
			isa = PBXGroup;
			children = (
				22C637E82A86B74000923C50 /* Utils */,
				222621F72A87C079002DDB77 /* Model */,
				222621F12A87BA51002DDB77 /* View */,
				222622012A87DFCD002DDB77 /* Controller */,
				22C637E72A86B61400923C50 /* App */,
				22C637D92A86B5F300923C50 /* HourlyApp.swift */,
				22C637DD2A86B5F700923C50 /* Assets.xcassets */,
				22C637DF2A86B5F700923C50 /* Preview Content */,
			);
			path = Hourly;
			sourceTree = "<group>";
		};
		22C637DF2A86B5F700923C50 /* Preview Content */ = {
			isa = PBXGroup;
			children = (
				22C637E02A86B5F700923C50 /* Preview Assets.xcassets */,
			);
			path = "Preview Content";
			sourceTree = "<group>";
		};
		22C637E72A86B61400923C50 /* App */ = {
			isa = PBXGroup;
			children = (
				22C637DB2A86B5F300923C50 /* ContentView.swift */,
				222621FA2A87C119002DDB77 /* CreateTimerView.swift */,
			);
			path = App;
			sourceTree = "<group>";
		};
		22C637E82A86B74000923C50 /* Utils */ = {
			isa = PBXGroup;
			children = (
				22C637E92A86B74E00923C50 /* Constants.swift */,
				22C637EB2A86BA8200923C50 /* test.swift */,
			);
			path = Utils;
			sourceTree = "<group>";
		};
/* End PBXGroup section */

/* Begin PBXNativeTarget section */
		22C637D52A86B5F300923C50 /* Hourly */ = {
			isa = PBXNativeTarget;
			buildConfigurationList = 22C637E42A86B5F700923C50 /* Build configuration list for PBXNativeTarget "Hourly" */;
			buildPhases = (
				22C637D22A86B5F300923C50 /* Sources */,
				22C637D32A86B5F300923C50 /* Frameworks */,
				22C637D42A86B5F300923C50 /* Resources */,
			);
			buildRules = (
			);
			dependencies = (
			);
			name = Hourly;
			productName = Hourly;
			productReference = 22C637D62A86B5F300923C50 /* Hourly.app */;
			productType = "com.apple.product-type.application";
		};
/* End PBXNativeTarget section */

/* Begin PBXProject section */
		22C637CE2A86B5F300923C50 /* Project object */ = {
			isa = PBXProject;
			attributes = {
				BuildIndependentTargetsInParallel = 1;
				LastSwiftUpdateCheck = 1500;
				LastUpgradeCheck = 1500;
				TargetAttributes = {
					22C637D52A86B5F300923C50 = {
						CreatedOnToolsVersion = 15.0;
					};
				};
			};
			buildConfigurationList = 22C637D12A86B5F300923C50 /* Build configuration list for PBXProject "Hourly" */;
			compatibilityVersion = "Xcode 14.0";
			developmentRegion = en;
			hasScannedForEncodings = 0;
			knownRegions = (
				en,
				Base,
			);
			mainGroup = 22C637CD2A86B5F300923C50;
			productRefGroup = 22C637D72A86B5F300923C50 /* Products */;
			projectDirPath = "";
			projectRoot = "";
			targets = (
				22C637D52A86B5F300923C50 /* Hourly */,
			);
		};
/* End PBXProject section */

/* Begin PBXResourcesBuildPhase section */
		22C637D42A86B5F300923C50 /* Resources */ = {
			isa = PBXResourcesBuildPhase;
			buildActionMask = 2147483647;
			files = (
				22C637E12A86B5F700923C50 /* Preview Assets.xcassets in Resources */,
				22C637DE2A86B5F700923C50 /* Assets.xcassets in Resources */,
			);
			runOnlyForDeploymentPostprocessing = 0;
		};
/* End PBXResourcesBuildPhase section */

/* Begin PBXSourcesBuildPhase section */
		22C637D22A86B5F300923C50 /* Sources */ = {
			isa = PBXSourcesBuildPhase;
			buildActionMask = 2147483647;
			files = (
				222622002A87C504002DDB77 /* CustomDatePicker.swift in Sources */,
				222621FB2A87C119002DDB77 /* CreateTimerView.swift in Sources */,
				22C2F2922A88D7E400FF6645 /* TimerController.swift in Sources */,
				222621F62A87BD58002DDB77 /* StartStopTimerRowButtonView.swift in Sources */,
				222621F32A87BA68002DDB77 /* TimerRowView.swift in Sources */,
				22C637DC2A86B5F300923C50 /* ContentView.swift in Sources */,
				22C637EC2A86BA8200923C50 /* test.swift in Sources */,
				222621F92A87C087002DDB77 /* TimerModel.swift in Sources */,
				22C637DA2A86B5F300923C50 /* HourlyApp.swift in Sources */,
				22C637EA2A86B74E00923C50 /* Constants.swift in Sources */,
				222621FE2A87C273002DDB77 /* CustomTextFieldView.swift in Sources */,
			);
			runOnlyForDeploymentPostprocessing = 0;
		};
/* End PBXSourcesBuildPhase section */

/* Begin XCBuildConfiguration section */
		22C637E22A86B5F700923C50 /* Debug */ = {
			isa = XCBuildConfiguration;
			buildSettings = {
				ALWAYS_SEARCH_USER_PATHS = NO;
				ASSETCATALOG_COMPILER_GENERATE_SWIFT_ASSET_SYMBOL_EXTENSIONS = YES;
				CLANG_ANALYZER_NONNULL = YES;
				CLANG_ANALYZER_NUMBER_OBJECT_CONVERSION = YES_AGGRESSIVE;
				CLANG_CXX_LANGUAGE_STANDARD = "gnu++20";
				CLANG_ENABLE_MODULES = YES;
				CLANG_ENABLE_OBJC_ARC = YES;
				CLANG_ENABLE_OBJC_WEAK = YES;
				CLANG_WARN_BLOCK_CAPTURE_AUTORELEASING = YES;
				CLANG_WARN_BOOL_CONVERSION = YES;
				CLANG_WARN_COMMA = YES;
				CLANG_WARN_CONSTANT_CONVERSION = YES;
				CLANG_WARN_DEPRECATED_OBJC_IMPLEMENTATIONS = YES;
				CLANG_WARN_DIRECT_OBJC_ISA_USAGE = YES_ERROR;
				CLANG_WARN_DOCUMENTATION_COMMENTS = YES;
				CLANG_WARN_EMPTY_BODY = YES;
				CLANG_WARN_ENUM_CONVERSION = YES;
				CLANG_WARN_INFINITE_RECURSION = YES;
				CLANG_WARN_INT_CONVERSION = YES;
				CLANG_WARN_NON_LITERAL_NULL_CONVERSION = YES;
				CLANG_WARN_OBJC_IMPLICIT_RETAIN_SELF = YES;
				CLANG_WARN_OBJC_LITERAL_CONVERSION = YES;
				CLANG_WARN_OBJC_ROOT_CLASS = YES_ERROR;
				CLANG_WARN_QUOTED_INCLUDE_IN_FRAMEWORK_HEADER = YES;
				CLANG_WARN_RANGE_LOOP_ANALYSIS = YES;
				CLANG_WARN_STRICT_PROTOTYPES = YES;
				CLANG_WARN_SUSPICIOUS_MOVE = YES;
				CLANG_WARN_UNGUARDED_AVAILABILITY = YES_AGGRESSIVE;
				CLANG_WARN_UNREACHABLE_CODE = YES;
				CLANG_WARN__DUPLICATE_METHOD_MATCH = YES;
				COPY_PHASE_STRIP = NO;
				DEBUG_INFORMATION_FORMAT = dwarf;
				ENABLE_STRICT_OBJC_MSGSEND = YES;
				ENABLE_TESTABILITY = YES;
				ENABLE_USER_SCRIPT_SANDBOXING = YES;
				GCC_C_LANGUAGE_STANDARD = gnu17;
				GCC_DYNAMIC_NO_PIC = NO;
				GCC_NO_COMMON_BLOCKS = YES;
				GCC_OPTIMIZATION_LEVEL = 0;
				GCC_PREPROCESSOR_DEFINITIONS = (
					"DEBUG=1",
					"$(inherited)",
				);
				GCC_WARN_64_TO_32_BIT_CONVERSION = YES;
				GCC_WARN_ABOUT_RETURN_TYPE = YES_ERROR;
				GCC_WARN_UNDECLARED_SELECTOR = YES;
				GCC_WARN_UNINITIALIZED_AUTOS = YES_AGGRESSIVE;
				GCC_WARN_UNUSED_FUNCTION = YES;
				GCC_WARN_UNUSED_VARIABLE = YES;
				IPHONEOS_DEPLOYMENT_TARGET = 17.0;
				LOCALIZATION_PREFERS_STRING_CATALOGS = YES;
				MTL_ENABLE_DEBUG_INFO = INCLUDE_SOURCE;
				MTL_FAST_MATH = YES;
				ONLY_ACTIVE_ARCH = YES;
				SDKROOT = iphoneos;
				SWIFT_ACTIVE_COMPILATION_CONDITIONS = "DEBUG $(inherited)";
				SWIFT_OPTIMIZATION_LEVEL = "-Onone";
			};
			name = Debug;
		};
		22C637E32A86B5F700923C50 /* Release */ = {
			isa = XCBuildConfiguration;
			buildSettings = {
				ALWAYS_SEARCH_USER_PATHS = NO;
				ASSETCATALOG_COMPILER_GENERATE_SWIFT_ASSET_SYMBOL_EXTENSIONS = YES;
				CLANG_ANALYZER_NONNULL = YES;
				CLANG_ANALYZER_NUMBER_OBJECT_CONVERSION = YES_AGGRESSIVE;
				CLANG_CXX_LANGUAGE_STANDARD = "gnu++20";
				CLANG_ENABLE_MODULES = YES;
				CLANG_ENABLE_OBJC_ARC = YES;
				CLANG_ENABLE_OBJC_WEAK = YES;
				CLANG_WARN_BLOCK_CAPTURE_AUTORELEASING = YES;
				CLANG_WARN_BOOL_CONVERSION = YES;
				CLANG_WARN_COMMA = YES;
				CLANG_WARN_CONSTANT_CONVERSION = YES;
				CLANG_WARN_DEPRECATED_OBJC_IMPLEMENTATIONS = YES;
				CLANG_WARN_DIRECT_OBJC_ISA_USAGE = YES_ERROR;
				CLANG_WARN_DOCUMENTATION_COMMENTS = YES;
				CLANG_WARN_EMPTY_BODY = YES;
				CLANG_WARN_ENUM_CONVERSION = YES;
				CLANG_WARN_INFINITE_RECURSION = YES;
				CLANG_WARN_INT_CONVERSION = YES;
				CLANG_WARN_NON_LITERAL_NULL_CONVERSION = YES;
				CLANG_WARN_OBJC_IMPLICIT_RETAIN_SELF = YES;
				CLANG_WARN_OBJC_LITERAL_CONVERSION = YES;
				CLANG_WARN_OBJC_ROOT_CLASS = YES_ERROR;
				CLANG_WARN_QUOTED_INCLUDE_IN_FRAMEWORK_HEADER = YES;
				CLANG_WARN_RANGE_LOOP_ANALYSIS = YES;
				CLANG_WARN_STRICT_PROTOTYPES = YES;
				CLANG_WARN_SUSPICIOUS_MOVE = YES;
				CLANG_WARN_UNGUARDED_AVAILABILITY = YES_AGGRESSIVE;
				CLANG_WARN_UNREACHABLE_CODE = YES;
				CLANG_WARN__DUPLICATE_METHOD_MATCH = YES;
				COPY_PHASE_STRIP = NO;
				DEBUG_INFORMATION_FORMAT = "dwarf-with-dsym";
				ENABLE_NS_ASSERTIONS = NO;
				ENABLE_STRICT_OBJC_MSGSEND = YES;
				ENABLE_USER_SCRIPT_SANDBOXING = YES;
				GCC_C_LANGUAGE_STANDARD = gnu17;
				GCC_NO_COMMON_BLOCKS = YES;
				GCC_WARN_64_TO_32_BIT_CONVERSION = YES;
				GCC_WARN_ABOUT_RETURN_TYPE = YES_ERROR;
				GCC_WARN_UNDECLARED_SELECTOR = YES;
				GCC_WARN_UNINITIALIZED_AUTOS = YES_AGGRESSIVE;
				GCC_WARN_UNUSED_FUNCTION = YES;
				GCC_WARN_UNUSED_VARIABLE = YES;
				IPHONEOS_DEPLOYMENT_TARGET = 17.0;
				LOCALIZATION_PREFERS_STRING_CATALOGS = YES;
				MTL_ENABLE_DEBUG_INFO = NO;
				MTL_FAST_MATH = YES;
				SDKROOT = iphoneos;
				SWIFT_COMPILATION_MODE = wholemodule;
				VALIDATE_PRODUCT = YES;
			};
			name = Release;
		};
		22C637E52A86B5F700923C50 /* Debug */ = {
			isa = XCBuildConfiguration;
			buildSettings = {
				ASSETCATALOG_COMPILER_APPICON_NAME = AppIcon;
				ASSETCATALOG_COMPILER_GLOBAL_ACCENT_COLOR_NAME = AccentColor;
				CODE_SIGN_STYLE = Automatic;
				CURRENT_PROJECT_VERSION = 1;
				DEVELOPMENT_ASSET_PATHS = "\"Hourly/Preview Content\"";
				DEVELOPMENT_TEAM = 38UA2XAHCC;
				ENABLE_PREVIEWS = YES;
				GENERATE_INFOPLIST_FILE = YES;
				INFOPLIST_KEY_UIApplicationSceneManifest_Generation = YES;
				INFOPLIST_KEY_UIApplicationSupportsIndirectInputEvents = YES;
				INFOPLIST_KEY_UILaunchScreen_Generation = YES;
				INFOPLIST_KEY_UIStatusBarStyle = "";
				INFOPLIST_KEY_UISupportedInterfaceOrientations = UIInterfaceOrientationPortrait;
				INFOPLIST_KEY_UISupportedInterfaceOrientations_iPad = "UIInterfaceOrientationLandscapeLeft UIInterfaceOrientationLandscapeRight UIInterfaceOrientationPortrait UIInterfaceOrientationPortraitUpsideDown";
				INFOPLIST_KEY_UIUserInterfaceStyle = Dark;
				LD_RUNPATH_SEARCH_PATHS = (
					"$(inherited)",
					"@executable_path/Frameworks",
				);
				MARKETING_VERSION = 1.0;
				PRODUCT_BUNDLE_IDENTIFIER = com.kokmarok.FlashCards.Hourly;
				PRODUCT_NAME = "$(TARGET_NAME)";
				SWIFT_EMIT_LOC_STRINGS = YES;
				SWIFT_VERSION = 5.0;
				TARGETED_DEVICE_FAMILY = "1,2";
			};
			name = Debug;
		};
		22C637E62A86B5F700923C50 /* Release */ = {
			isa = XCBuildConfiguration;
			buildSettings = {
				ASSETCATALOG_COMPILER_APPICON_NAME = AppIcon;
				ASSETCATALOG_COMPILER_GLOBAL_ACCENT_COLOR_NAME = AccentColor;
				CODE_SIGN_STYLE = Automatic;
				CURRENT_PROJECT_VERSION = 1;
				DEVELOPMENT_ASSET_PATHS = "\"Hourly/Preview Content\"";
				DEVELOPMENT_TEAM = 38UA2XAHCC;
				ENABLE_PREVIEWS = YES;
				GENERATE_INFOPLIST_FILE = YES;
				INFOPLIST_KEY_UIApplicationSceneManifest_Generation = YES;
				INFOPLIST_KEY_UIApplicationSupportsIndirectInputEvents = YES;
				INFOPLIST_KEY_UILaunchScreen_Generation = YES;
				INFOPLIST_KEY_UIStatusBarStyle = "";
				INFOPLIST_KEY_UISupportedInterfaceOrientations = UIInterfaceOrientationPortrait;
				INFOPLIST_KEY_UISupportedInterfaceOrientations_iPad = "UIInterfaceOrientationLandscapeLeft UIInterfaceOrientationLandscapeRight UIInterfaceOrientationPortrait UIInterfaceOrientationPortraitUpsideDown";
				INFOPLIST_KEY_UIUserInterfaceStyle = Dark;
				LD_RUNPATH_SEARCH_PATHS = (
					"$(inherited)",
					"@executable_path/Frameworks",
				);
				MARKETING_VERSION = 1.0;
				PRODUCT_BUNDLE_IDENTIFIER = com.kokmarok.FlashCards.Hourly;
				PRODUCT_NAME = "$(TARGET_NAME)";
				SWIFT_EMIT_LOC_STRINGS = YES;
				SWIFT_VERSION = 5.0;
				TARGETED_DEVICE_FAMILY = "1,2";
			};
			name = Release;
		};
/* End XCBuildConfiguration section */

/* Begin XCConfigurationList section */
		22C637D12A86B5F300923C50 /* Build configuration list for PBXProject "Hourly" */ = {
			isa = XCConfigurationList;
			buildConfigurations = (
				22C637E22A86B5F700923C50 /* Debug */,
				22C637E32A86B5F700923C50 /* Release */,
			);
			defaultConfigurationIsVisible = 0;
			defaultConfigurationName = Release;
		};
		22C637E42A86B5F700923C50 /* Build configuration list for PBXNativeTarget "Hourly" */ = {
			isa = XCConfigurationList;
			buildConfigurations = (
				22C637E52A86B5F700923C50 /* Debug */,
				22C637E62A86B5F700923C50 /* Release */,
			);
			defaultConfigurationIsVisible = 0;
			defaultConfigurationName = Release;
		};
/* End XCConfigurationList section */
	};
	rootObject = 22C637CE2A86B5F300923C50 /* Project object */;
}
